
Microsoft Visual Studio Solution File, Format Version 11.00
# Visual Studio 2010
Project("{F184B08F-C81C-45F6-A57F-5ABD9991F28F}") = "201902062_Cubrecams", "201902062_Cubrecams\201902062_Cubrecams.vbproj", "{BB823768-1D61-4DE4-8B46-711CD65141A7}"
EndProject
Global
	GlobalSection(SolutionConfigurationPlatforms) = preSolution
		Debug|x86 = Debug|x86
		Release|x86 = Release|x86
	EndGlobalSection
	GlobalSection(ProjectConfigurationPlatforms) = postSolution
		{BB823768-1D61-4DE4-8B46-711CD65141A7}.Debug|x86.ActiveCfg = Debug|x86
		{BB823768-1D61-4DE4-8B46-711CD65141A7}.Debug|x86.Build.0 = Debug|x86
		{BB823768-1D61-4DE4-8B46-711CD65141A7}.Release|x86.ActiveCfg = Release|x86
		{BB823768-1D61-4DE4-8B46-711CD65141A7}.Release|x86.Build.0 = Release|x86
	EndGlobalSection
	GlobalSection(SolutionProperties) = preSolution
		HideSolutionNode = FALSE
	EndGlobalSection
EndGlobal
